
Microsoft Visual Studio Solution File, Format Version 12.00
# Visual Studio Version 17
VisualStudioVersion = 17.0.31903.59
MinimumVisualStudioVersion = 10.0.40219.1
Project("{2150E333-8FDC-42A3-9474-1A3956D46DE8}") = "src", "src", "{827E0CD3-B72D-47B6-A68D-7590B98EB39B}"
EndProject
Project("{FAE04EC0-301F-11D3-BF4B-00C04F79EFBC}") = "VKVideoDesktop.Core", "src\VKVideoDesktop.Core\VKVideoDesktop.Core.csproj", "{B0C12F46-9A6E-41FC-A435-4B127F90A543}"
EndProject
Project("{FAE04EC0-301F-11D3-BF4B-00C04F79EFBC}") = "VKVideoDesktop.Application", "src\VKVideoDesktop.Application\VKVideoDesktop.Application.csproj", "{DB82A0F8-F980-4A5A-AA30-35BF6970C67B}"
EndProject
Project("{FAE04EC0-301F-11D3-BF4B-00C04F79EFBC}") = "VKVideoDesktop.Infrastructure", "src\VKVideoDesktop.Infrastructure\VKVideoDesktop.Infrastructure.csproj", "{F8F9421E-44C7-4DFC-BAE6-D4F07D7A37CD}"
EndProject
Project("{FAE04EC0-301F-11D3-BF4B-00C04F79EFBC}") = "VKVideoDesktop.Data", "src\VKVideoDesktop.Data\VKVideoDesktop.Data.csproj", "{E7AFA3BE-1F8A-414A-B1B2-83C591DB6290}"
EndProject
Project("{FAE04EC0-301F-11D3-BF4B-00C04F79EFBC}") = "VKVideoDesktop.Tests", "src\VKVideoDesktop.Tests\VKVideoDesktop.Tests.csproj", "{A16F1B17-3175-43A3-A48F-CE81EE471A82}"
EndProject
Project("{FAE04EC0-301F-11D3-BF4B-00C04F79EFBC}") = "VKVideoDesktop.App", "src\VKVideoDesktop.App\VKVideoDesktop.App.csproj", "{A601F571-5EA8-4AAC-907B-9B60AD6E8724}"
EndProject
Project("{FAE04EC0-301F-11D3-BF4B-00C04F79EFBC}") = "VKVideoDesktop.Uninstall", "src\VKVideoDesktop.Uninstall\VKVideoDesktop.Uninstall.csproj", "{BED41536-4650-4F1E-B6FF-E8854E57696F}"
EndProject
Global
	GlobalSection(SolutionConfigurationPlatforms) = preSolution
		Debug|Any CPU = Debug|Any CPU
		Debug|x64 = Debug|x64
		Debug|x86 = Debug|x86
		Release|Any CPU = Release|Any CPU
		Release|x64 = Release|x64
		Release|x86 = Release|x86
	EndGlobalSection
	GlobalSection(ProjectConfigurationPlatforms) = postSolution
		{B0C12F46-9A6E-41FC-A435-4B127F90A543}.Debug|Any CPU.ActiveCfg = Debug|Any CPU
		{B0C12F46-9A6E-41FC-A435-4B127F90A543}.Debug|Any CPU.Build.0 = Debug|Any CPU
		{B0C12F46-9A6E-41FC-A435-4B127F90A543}.Debug|x64.ActiveCfg = Debug|Any CPU
		{B0C12F46-9A6E-41FC-A435-4B127F90A543}.Debug|x64.Build.0 = Debug|Any CPU
		{B0C12F46-9A6E-41FC-A435-4B127F90A543}.Debug|x86.ActiveCfg = Debug|Any CPU
		{B0C12F46-9A6E-41FC-A435-4B127F90A543}.Debug|x86.Build.0 = Debug|Any CPU
		{B0C12F46-9A6E-41FC-A435-4B127F90A543}.Release|Any CPU.ActiveCfg = Release|Any CPU
		{B0C12F46-9A6E-41FC-A435-4B127F90A543}.Release|Any CPU.Build.0 = Release|Any CPU
		{B0C12F46-9A6E-41FC-A435-4B127F90A543}.Release|x64.ActiveCfg = Release|Any CPU
		{B0C12F46-9A6E-41FC-A435-4B127F90A543}.Release|x64.Build.0 = Release|Any CPU
		{B0C12F46-9A6E-41FC-A435-4B127F90A543}.Release|x86.ActiveCfg = Release|Any CPU
		{B0C12F46-9A6E-41FC-A435-4B127F90A543}.Release|x86.Build.0 = Release|Any CPU
		{DB82A0F8-F980-4A5A-AA30-35BF6970C67B}.Debug|Any CPU.ActiveCfg = Debug|Any CPU
		{DB82A0F8-F980-4A5A-AA30-35BF6970C67B}.Debug|Any CPU.Build.0 = Debug|Any CPU
		{DB82A0F8-F980-4A5A-AA30-35BF6970C67B}.Debug|x64.ActiveCfg = Debug|Any CPU
		{DB82A0F8-F980-4A5A-AA30-35BF6970C67B}.Debug|x64.Build.0 = Debug|Any CPU
		{DB82A0F8-F980-4A5A-AA30-35BF6970C67B}.Debug|x86.ActiveCfg = Debug|Any CPU
		{DB82A0F8-F980-4A5A-AA30-35BF6970C67B}.Debug|x86.Build.0 = Debug|Any CPU
		{DB82A0F8-F980-4A5A-AA30-35BF6970C67B}.Release|Any CPU.ActiveCfg = Release|Any CPU
		{DB82A0F8-F980-4A5A-AA30-35BF6970C67B}.Release|Any CPU.Build.0 = Release|Any CPU
		{DB82A0F8-F980-4A5A-AA30-35BF6970C67B}.Release|x64.ActiveCfg = Release|Any CPU
		{DB82A0F8-F980-4A5A-AA30-35BF6970C67B}.Release|x64.Build.0 = Release|Any CPU
		{DB82A0F8-F980-4A5A-AA30-35BF6970C67B}.Release|x86.ActiveCfg = Release|Any CPU
		{DB82A0F8-F980-4A5A-AA30-35BF6970C67B}.Release|x86.Build.0 = Release|Any CPU
		{F8F9421E-44C7-4DFC-BAE6-D4F07D7A37CD}.Debug|Any CPU.ActiveCfg = Debug|Any CPU
		{F8F9421E-44C7-4DFC-BAE6-D4F07D7A37CD}.Debug|Any CPU.Build.0 = Debug|Any CPU
		{F8F9421E-44C7-4DFC-BAE6-D4F07D7A37CD}.Debug|x64.ActiveCfg = Debug|Any CPU
		{F8F9421E-44C7-4DFC-BAE6-D4F07D7A37CD}.Debug|x64.Build.0 = Debug|Any CPU
		{F8F9421E-44C7-4DFC-BAE6-D4F07D7A37CD}.Debug|x86.ActiveCfg = Debug|Any CPU
		{F8F9421E-44C7-4DFC-BAE6-D4F07D7A37CD}.Debug|x86.Build.0 = Debug|Any CPU
		{F8F9421E-44C7-4DFC-BAE6-D4F07D7A37CD}.Release|Any CPU.ActiveCfg = Release|Any CPU
		{F8F9421E-44C7-4DFC-BAE6-D4F07D7A37CD}.Release|Any CPU.Build.0 = Release|Any CPU
		{F8F9421E-44C7-4DFC-BAE6-D4F07D7A37CD}.Release|x64.ActiveCfg = Release|Any CPU
		{F8F9421E-44C7-4DFC-BAE6-D4F07D7A37CD}.Release|x64.Build.0 = Release|Any CPU
		{F8F9421E-44C7-4DFC-BAE6-D4F07D7A37CD}.Release|x86.ActiveCfg = Release|Any CPU
		{F8F9421E-44C7-4DFC-BAE6-D4F07D7A37CD}.Release|x86.Build.0 = Release|Any CPU
		{E7AFA3BE-1F8A-414A-B1B2-83C591DB6290}.Debug|Any CPU.ActiveCfg = Debug|Any CPU
		{E7AFA3BE-1F8A-414A-B1B2-83C591DB6290}.Debug|Any CPU.Build.0 = Debug|Any CPU
		{E7AFA3BE-1F8A-414A-B1B2-83C591DB6290}.Debug|x64.ActiveCfg = Debug|Any CPU
		{E7AFA3BE-1F8A-414A-B1B2-83C591DB6290}.Debug|x64.Build.0 = Debug|Any CPU
		{E7AFA3BE-1F8A-414A-B1B2-83C591DB6290}.Debug|x86.ActiveCfg = Debug|Any CPU
		{E7AFA3BE-1F8A-414A-B1B2-83C591DB6290}.Debug|x86.Build.0 = Debug|Any CPU
		{E7AFA3BE-1F8A-414A-B1B2-83C591DB6290}.Release|Any CPU.ActiveCfg = Release|Any CPU
		{E7AFA3BE-1F8A-414A-B1B2-83C591DB6290}.Release|Any CPU.Build.0 = Release|Any CPU
		{E7AFA3BE-1F8A-414A-B1B2-83C591DB6290}.Release|x64.ActiveCfg = Release|Any CPU
		{E7AFA3BE-1F8A-414A-B1B2-83C591DB6290}.Release|x64.Build.0 = Release|Any CPU
		{E7AFA3BE-1F8A-414A-B1B2-83C591DB6290}.Release|x86.ActiveCfg = Release|Any CPU
		{E7AFA3BE-1F8A-414A-B1B2-83C591DB6290}.Release|x86.Build.0 = Release|Any CPU
		{A16F1B17-3175-43A3-A48F-CE81EE471A82}.Debug|Any CPU.ActiveCfg = Debug|Any CPU
		{A16F1B17-3175-43A3-A48F-CE81EE471A82}.Debug|Any CPU.Build.0 = Debug|Any CPU
		{A16F1B17-3175-43A3-A48F-CE81EE471A82}.Debug|x64.ActiveCfg = Debug|Any CPU
		{A16F1B17-3175-43A3-A48F-CE81EE471A82}.Debug|x64.Build.0 = Debug|Any CPU
		{A16F1B17-3175-43A3-A48F-CE81EE471A82}.Debug|x86.ActiveCfg = Debug|Any CPU
		{A16F1B17-3175-43A3-A48F-CE81EE471A82}.Debug|x86.Build.0 = Debug|Any CPU
		{A16F1B17-3175-43A3-A48F-CE81EE471A82}.Release|Any CPU.ActiveCfg = Release|Any CPU
		{A16F1B17-3175-43A3-A48F-CE81EE471A82}.Release|Any CPU.Build.0 = Release|Any CPU
		{A16F1B17-3175-43A3-A48F-CE81EE471A82}.Release|x64.ActiveCfg = Release|Any CPU
		{A16F1B17-3175-43A3-A48F-CE81EE471A82}.Release|x64.Build.0 = Release|Any CPU
		{A16F1B17-3175-43A3-A48F-CE81EE471A82}.Release|x86.ActiveCfg = Release|Any CPU
		{A16F1B17-3175-43A3-A48F-CE81EE471A82}.Release|x86.Build.0 = Release|Any CPU
		{A601F571-5EA8-4AAC-907B-9B60AD6E8724}.Debug|Any CPU.ActiveCfg = Debug|x86
		{A601F571-5EA8-4AAC-907B-9B60AD6E8724}.Debug|Any CPU.Build.0 = Debug|x86
		{A601F571-5EA8-4AAC-907B-9B60AD6E8724}.Debug|x64.ActiveCfg = Debug|x64
		{A601F571-5EA8-4AAC-907B-9B60AD6E8724}.Debug|x64.Build.0 = Debug|x64
		{A601F571-5EA8-4AAC-907B-9B60AD6E8724}.Debug|x86.ActiveCfg = Debug|x86
		{A601F571-5EA8-4AAC-907B-9B60AD6E8724}.Debug|x86.Build.0 = Debug|x86
		{A601F571-5EA8-4AAC-907B-9B60AD6E8724}.Release|Any CPU.ActiveCfg = Release|x86
		{A601F571-5EA8-4AAC-907B-9B60AD6E8724}.Release|Any CPU.Build.0 = Release|x86
		{A601F571-5EA8-4AAC-907B-9B60AD6E8724}.Release|x64.ActiveCfg = Release|x64
		{A601F571-5EA8-4AAC-907B-9B60AD6E8724}.Release|x64.Build.0 = Release|x64
		{A601F571-5EA8-4AAC-907B-9B60AD6E8724}.Release|x86.ActiveCfg = Release|x86
		{A601F571-5EA8-4AAC-907B-9B60AD6E8724}.Release|x86.Build.0 = Release|x86
		{BED41536-4650-4F1E-B6FF-E8854E57696F}.Debug|Any CPU.ActiveCfg = Debug|x64
		{BED41536-4650-4F1E-B6FF-E8854E57696F}.Debug|Any CPU.Build.0 = Debug|x64
		{BED41536-4650-4F1E-B6FF-E8854E57696F}.Debug|x64.ActiveCfg = Debug|x64
		{BED41536-4650-4F1E-B6FF-E8854E57696F}.Debug|x64.Build.0 = Debug|x64
		{BED41536-4650-4F1E-B6FF-E8854E57696F}.Debug|x86.ActiveCfg = Debug|x64
		{BED41536-4650-4F1E-B6FF-E8854E57696F}.Debug|x86.Build.0 = Debug|x64
		{BED41536-4650-4F1E-B6FF-E8854E57696F}.Release|Any CPU.ActiveCfg = Release|x64
		{BED41536-4650-4F1E-B6FF-E8854E57696F}.Release|Any CPU.Build.0 = Release|x64
		{BED41536-4650-4F1E-B6FF-E8854E57696F}.Release|x64.ActiveCfg = Release|x64
		{BED41536-4650-4F1E-B6FF-E8854E57696F}.Release|x64.Build.0 = Release|x64
		{BED41536-4650-4F1E-B6FF-E8854E57696F}.Release|x86.ActiveCfg = Release|x64
		{BED41536-4650-4F1E-B6FF-E8854E57696F}.Release|x86.Build.0 = Release|x64
	EndGlobalSection
	GlobalSection(SolutionProperties) = preSolution
		HideSolutionNode = FALSE
	EndGlobalSection
	GlobalSection(NestedProjects) = preSolution
		{B0C12F46-9A6E-41FC-A435-4B127F90A543} = {827E0CD3-B72D-47B6-A68D-7590B98EB39B}
		{DB82A0F8-F980-4A5A-AA30-35BF6970C67B} = {827E0CD3-B72D-47B6-A68D-7590B98EB39B}
		{F8F9421E-44C7-4DFC-BAE6-D4F07D7A37CD} = {827E0CD3-B72D-47B6-A68D-7590B98EB39B}
		{E7AFA3BE-1F8A-414A-B1B2-83C591DB6290} = {827E0CD3-B72D-47B6-A68D-7590B98EB39B}
		{A16F1B17-3175-43A3-A48F-CE81EE471A82} = {827E0CD3-B72D-47B6-A68D-7590B98EB39B}
		{A601F571-5EA8-4AAC-907B-9B60AD6E8724} = {827E0CD3-B72D-47B6-A68D-7590B98EB39B}
		{BED41536-4650-4F1E-B6FF-E8854E57696F} = {827E0CD3-B72D-47B6-A68D-7590B98EB39B}
	EndGlobalSection
EndGlobal
